
Microsoft Visual Studio Solution File, Format Version 12.00
# Visual Studio Version 17
VisualStudioVersion = 17.13.35931.197
MinimumVisualStudioVersion = 10.0.40219.1
Project("{FAE04EC0-301F-11D3-BF4B-00C04F79EFBC}") = "Neb25.Core", "Neb25.Core\Neb25.Core.csproj", "{29992216-433C-42F3-B5F4-B26295BA3610}"
EndProject
Project("{FAE04EC0-301F-11D3-BF4B-00C04F79EFBC}") = "Neb25.UI", "Neb25.UI\Neb25.UI.csproj", "{EC44956F-976F-F9BA-AB94-094B117733BC}"
EndProject
Global
	GlobalSection(SolutionConfigurationPlatforms) = preSolution
		Debug|Any CPU = Debug|Any CPU
		Release|Any CPU = Release|Any CPU
	EndGlobalSection
	GlobalSection(ProjectConfigurationPlatforms) = postSolution
		{29992216-433C-42F3-B5F4-B26295BA3610}.Debug|Any CPU.ActiveCfg = Debug|Any CPU
		{29992216-433C-42F3-B5F4-B26295BA3610}.Debug|Any CPU.Build.0 = Debug|Any CPU
		{29992216-433C-42F3-B5F4-B26295BA3610}.Release|Any CPU.ActiveCfg = Release|Any CPU
		{29992216-433C-42F3-B5F4-B26295BA3610}.Release|Any CPU.Build.0 = Release|Any CPU
		{EC44956F-976F-F9BA-AB94-094B117733BC}.Debug|Any CPU.ActiveCfg = Debug|Any CPU
		{EC44956F-976F-F9BA-AB94-094B117733BC}.Debug|Any CPU.Build.0 = Debug|Any CPU
		{EC44956F-976F-F9BA-AB94-094B117733BC}.Release|Any CPU.ActiveCfg = Release|Any CPU
		{EC44956F-976F-F9BA-AB94-094B117733BC}.Release|Any CPU.Build.0 = Release|Any CPU
	EndGlobalSection
	GlobalSection(SolutionProperties) = preSolution
		HideSolutionNode = FALSE
	EndGlobalSection
	GlobalSection(ExtensibilityGlobals) = postSolution
		SolutionGuid = {C0BFC07D-09E7-476F-800C-2CFCB62BB992}
	EndGlobalSection
EndGlobal
